<?xml version="1.0" encoding="utf-8"?>
<Project ToolsVersion="4.0" xmlns="http://schemas.microsoft.com/developer/msbuild/2003">
  <ItemGroup>
    <Filter Include="Source Files">
      <UniqueIdentifier>{4FC737F1-C7A5-4376-A066-2A32D752A2FF}</UniqueIdentifier>
      <Extensions>cpp;c;cc;cxx;def;odl;idl;hpj;bat;asm;asmx</Extensions>
    </Filter>
    <Filter Include="Header Files">
      <UniqueIdentifier>{93995380-89BD-4b04-88EB-625FBE52EBFB}</UniqueIdentifier>
      <Extensions>h;hh;hpp;hxx;hm;inl;inc;ipp;xsd</Extensions>
    </Filter>
    <Filter Include="Resource Files">
      <UniqueIdentifier>{67DA6AB6-F800-4c08-8B7A-83BB121AAD01}</UniqueIdentifier>
      <Extensions>rc;ico;cur;bmp;dlg;rc2;rct;bin;rgs;gif;jpg;jpeg;jpe;resx;tiff;tif;png;wav;mfcribbon-ms</Extensions>
    </Filter>
    <Filter Include="HandRecognitionModule">
      <UniqueIdentifier>{9115748c-8849-455d-a3bc-81fc99e5a94f}</UniqueIdentifier>
    </Filter>
    <Filter Include="HandRecognitionModule\Header">
      <UniqueIdentifier>{a79b472f-9d7e-48ab-beb5-c1a78b9424c7}</UniqueIdentifier>
    </Filter>
    <Filter Include="HandRecognitionModule\Source">
      <UniqueIdentifier>{00d78b48-a7af-4a0b-86cb-9d0709f117d4}</UniqueIdentifier>
    </Filter>
  </ItemGroup>
  <ItemGroup>
    <ClCompile Include="main.cpp">
      <Filter>Source Files</Filter>
    </ClCompile>
    <ClCompile Include="HandRecognition.cpp">
      <Filter>HandRecognitionModule\Source</Filter>
    </ClCompile>
  </ItemGroup>
  <ItemGroup>
    <ClInclude Include="HandRecognition.h">
      <Filter>HandRecognitionModule\Header</Filter>
    </ClInclude>
  </ItemGroup>
</Project>